// !$*UTF8*$!
{
	archiveVersion = 1;
	classes = {
	};
	objectVersion = 50;
	objects = {

/* Begin PBXBuildFile section */
		A17352EE2121774F00EB9775 /* AppDelegate.swift in Sources */ = {isa = PBXBuildFile; fileRef = A17352ED2121774F00EB9775 /* AppDelegate.swift */; };
		A17352F02121775200EB9775 /* ViewController.swift in Sources */ = {isa = PBXBuildFile; fileRef = A17352EF2121775200EB9775 /* ViewController.swift */; };
		A17352F32121775400EB9775 /* Main.storyboard in Resources */ = {isa = PBXBuildFile; fileRef = A17352F12121775400EB9775 /* Main.storyboard */; };
		A17352F52121784000EB9775 /* Assets.xcassets in Resources */ = {isa = PBXBuildFile; fileRef = A17352F42121784000EB9775 /* Assets.xcassets */; };
		A17352F82121784000EB9775 /* LaunchScreen.storyboard in Resources */ = {isa = PBXBuildFile; fileRef = A17352F62121784000EB9775 /* LaunchScreen.storyboard */; };
		A17353032121784000EB9775 /* SegmentedControlTests.swift in Sources */ = {isa = PBXBuildFile; fileRef = A17353022121784000EB9775 /* SegmentedControlTests.swift */; };
		A173530E2121784000EB9775 /* SegmentedControlUITests.swift in Sources */ = {isa = PBXBuildFile; fileRef = A173530D2121784000EB9775 /* SegmentedControlUITests.swift */; };
/* End PBXBuildFile section */

/* Begin PBXContainerItemProxy section */
		A17352FF2121784000EB9775 /* PBXContainerItemProxy */ = {
			isa = PBXContainerItemProxy;
			containerPortal = A17352E22121774600EB9775 /* Project object */;
			proxyType = 1;
			remoteGlobalIDString = A17352E92121774A00EB9775;
			remoteInfo = SegmentedControl;
		};
		A173530A2121784000EB9775 /* PBXContainerItemProxy */ = {
			isa = PBXContainerItemProxy;
			containerPortal = A17352E22121774600EB9775 /* Project object */;
			proxyType = 1;
			remoteGlobalIDString = A17352E92121774A00EB9775;
			remoteInfo = SegmentedControl;
		};
/* End PBXContainerItemProxy section */

/* Begin PBXFileReference section */
		A17352EA2121774A00EB9775 /* SegmentedControl.app */ = {isa = PBXFileReference; explicitFileType = wrapper.application; includeInIndex = 0; path = SegmentedControl.app; sourceTree = BUILT_PRODUCTS_DIR; };
		A17352ED2121774F00EB9775 /* AppDelegate.swift */ = {isa = PBXFileReference; lastKnownFileType = sourcecode.swift; path = AppDelegate.swift; sourceTree = "<group>"; };
		A17352EF2121775200EB9775 /* ViewController.swift */ = {isa = PBXFileReference; lastKnownFileType = sourcecode.swift; path = ViewController.swift; sourceTree = "<group>"; };
		A17352F22121775400EB9775 /* Base */ = {isa = PBXFileReference; lastKnownFileType = file.storyboard; name = Base; path = Base.lproj/Main.storyboard; sourceTree = "<group>"; };
		A17352F42121784000EB9775 /* Assets.xcassets */ = {isa = PBXFileReference; lastKnownFileType = folder.assetcatalog; path = Assets.xcassets; sourceTree = "<group>"; };
		A17352F72121784000EB9775 /* Base */ = {isa = PBXFileReference; lastKnownFileType = file.storyboard; name = Base; path = Base.lproj/LaunchScreen.storyboard; sourceTree = "<group>"; };
		A17352F92121784000EB9775 /* Info.plist */ = {isa = PBXFileReference; lastKnownFileType = text.plist.xml; path = Info.plist; sourceTree = "<group>"; };
		A17352FE2121784000EB9775 /* SegmentedControlTests.xctest */ = {isa = PBXFileReference; explicitFileType = wrapper.cfbundle; includeInIndex = 0; path = SegmentedControlTests.xctest; sourceTree = BUILT_PRODUCTS_DIR; };
		A17353022121784000EB9775 /* SegmentedControlTests.swift */ = {isa = PBXFileReference; lastKnownFileType = sourcecode.swift; path = SegmentedControlTests.swift; sourceTree = "<group>"; };
		A17353042121784000EB9775 /* Info.plist */ = {isa = PBXFileReference; lastKnownFileType = text.plist.xml; path = Info.plist; sourceTree = "<group>"; };
		A17353092121784000EB9775 /* SegmentedControlUITests.xctest */ = {isa = PBXFileReference; explicitFileType = wrapper.cfbundle; includeInIndex = 0; path = SegmentedControlUITests.xctest; sourceTree = BUILT_PRODUCTS_DIR; };
		A173530D2121784000EB9775 /* SegmentedControlUITests.swift */ = {isa = PBXFileReference; lastKnownFileType = sourcecode.swift; path = SegmentedControlUITests.swift; sourceTree = "<group>"; };
		A173530F2121784000EB9775 /* Info.plist */ = {isa = PBXFileReference; lastKnownFileType = text.plist.xml; path = Info.plist; sourceTree = "<group>"; };
/* End PBXFileReference section */

/* Begin PBXFrameworksBuildPhase section */
		A17352E72121774A00EB9775 /* Frameworks */ = {
			isa = PBXFrameworksBuildPhase;
			buildActionMask = 2147483647;
			files = (
			);
			runOnlyForDeploymentPostprocessing = 0;
		};
		A17352FB2121784000EB9775 /* Frameworks */ = {
			isa = PBXFrameworksBuildPhase;
			buildActionMask = 2147483647;
			files = (
			);
			runOnlyForDeploymentPostprocessing = 0;
		};
		A17353062121784000EB9775 /* Frameworks */ = {
			isa = PBXFrameworksBuildPhase;
			buildActionMask = 2147483647;
			files = (
			);
			runOnlyForDeploymentPostprocessing = 0;
		};
/* End PBXFrameworksBuildPhase section */

/* Begin PBXGroup section */
		A17352E12121774400EB9775 = {
			isa = PBXGroup;
			children = (
				A17352EC2121774A00EB9775 /* SegmentedControl */,
				A17353012121784000EB9775 /* SegmentedControlTests */,
				A173530C2121784000EB9775 /* SegmentedControlUITests */,
				A17352EB2121774A00EB9775 /* Products */,
			);
			sourceTree = "<group>";
		};
		A17352EB2121774A00EB9775 /* Products */ = {
			isa = PBXGroup;
			children = (
				A17352EA2121774A00EB9775 /* SegmentedControl.app */,
				A17352FE2121784000EB9775 /* SegmentedControlTests.xctest */,
				A17353092121784000EB9775 /* SegmentedControlUITests.xctest */,
			);
			name = Products;
			sourceTree = "<group>";
		};
		A17352EC2121774A00EB9775 /* SegmentedControl */ = {
			isa = PBXGroup;
			children = (
				A17352ED2121774F00EB9775 /* AppDelegate.swift */,
				A17352EF2121775200EB9775 /* ViewController.swift */,
				A17352F12121775400EB9775 /* Main.storyboard */,
				A17352F42121784000EB9775 /* Assets.xcassets */,
				A17352F62121784000EB9775 /* LaunchScreen.storyboard */,
				A17352F92121784000EB9775 /* Info.plist */,
			);
			path = SegmentedControl;
			sourceTree = "<group>";
		};
		A17353012121784000EB9775 /* SegmentedControlTests */ = {
			isa = PBXGroup;
			children = (
				A17353022121784000EB9775 /* SegmentedControlTests.swift */,
				A17353042121784000EB9775 /* Info.plist */,
			);
			path = SegmentedControlTests;
			sourceTree = "<group>";
		};
		A173530C2121784000EB9775 /* SegmentedControlUITests */ = {
			isa = PBXGroup;
			children = (
				A173530D2121784000EB9775 /* SegmentedControlUITests.swift */,
				A173530F2121784000EB9775 /* Info.plist */,
			);
			path = SegmentedControlUITests;
			sourceTree = "<group>";
		};
/* End PBXGroup section */

/* Begin PBXNativeTarget section */
		A17352E92121774A00EB9775 /* SegmentedControl */ = {
			isa = PBXNativeTarget;
			buildConfigurationList = A17353122121784000EB9775 /* Build configuration list for PBXNativeTarget "SegmentedControl" */;
			buildPhases = (
				A17352E62121774A00EB9775 /* Sources */,
				A17352E72121774A00EB9775 /* Frameworks */,
				A17352E82121774A00EB9775 /* Resources */,
			);
			buildRules = (
			);
			dependencies = (
			);
			name = SegmentedControl;
			productName = SegmentedControl;
			productReference = A17352EA2121774A00EB9775 /* SegmentedControl.app */;
			productType = "com.apple.product-type.application";
		};
		A17352FD2121784000EB9775 /* SegmentedControlTests */ = {
			isa = PBXNativeTarget;
			buildConfigurationList = A17353152121784000EB9775 /* Build configuration list for PBXNativeTarget "SegmentedControlTests" */;
			buildPhases = (
				A17352FA2121784000EB9775 /* Sources */,
				A17352FB2121784000EB9775 /* Frameworks */,
				A17352FC2121784000EB9775 /* Resources */,
			);
			buildRules = (
			);
			dependencies = (
				A17353002121784000EB9775 /* PBXTargetDependency */,
			);
			name = SegmentedControlTests;
			productName = SegmentedControlTests;
			productReference = A17352FE2121784000EB9775 /* SegmentedControlTests.xctest */;
			productType = "com.apple.product-type.bundle.unit-test";
		};
		A17353082121784000EB9775 /* SegmentedControlUITests */ = {
			isa = PBXNativeTarget;
			buildConfigurationList = A17353182121784000EB9775 /* Build configuration list for PBXNativeTarget "SegmentedControlUITests" */;
			buildPhases = (
				A17353052121784000EB9775 /* Sources */,
				A17353062121784000EB9775 /* Frameworks */,
				A17353072121784000EB9775 /* Resources */,
			);
			buildRules = (
			);
			dependencies = (
				A173530B2121784000EB9775 /* PBXTargetDependency */,
			);
			name = SegmentedControlUITests;
			productName = SegmentedControlUITests;
			productReference = A17353092121784000EB9775 /* SegmentedControlUITests.xctest */;
			productType = "com.apple.product-type.bundle.ui-testing";
		};
/* End PBXNativeTarget section */

/* Begin PBXProject section */
		A17352E22121774600EB9775 /* Project object */ = {
			isa = PBXProject;
			attributes = {
				LastSwiftUpdateCheck = 0940;
				LastUpgradeCheck = 0940;
				ORGANIZATIONNAME = "ramjan sayyad";
				TargetAttributes = {
					A17352E92121774A00EB9775 = {
						CreatedOnToolsVersion = 9.4.1;
					};
					A17352FD2121784000EB9775 = {
						CreatedOnToolsVersion = 9.4.1;
						TestTargetID = A17352E92121774A00EB9775;
					};
					A17353082121784000EB9775 = {
						CreatedOnToolsVersion = 9.4.1;
						TestTargetID = A17352E92121774A00EB9775;
					};
				};
			};
			buildConfigurationList = A17352E52121774600EB9775 /* Build configuration list for PBXProject "SegmentedControl" */;
			compatibilityVersion = "Xcode 9.3";
			developmentRegion = en;
			hasScannedForEncodings = 0;
			knownRegions = (
				en,
				Base,
			);
			mainGroup = A17352E12121774400EB9775;
			productRefGroup = A17352EB2121774A00EB9775 /* Products */;
			projectDirPath = "";
			projectRoot = "";
			targets = (
				A17352E92121774A00EB9775 /* SegmentedControl */,
				A17352FD2121784000EB9775 /* SegmentedControlTests */,
				A17353082121784000EB9775 /* SegmentedControlUITests */,
			);
		};
/* End PBXProject section */

/* Begin PBXResourcesBuildPhase section */
		A17352E82121774A00EB9775 /* Resources */ = {
			isa = PBXResourcesBuildPhase;
			buildActionMask = 2147483647;
			files = (
				A17352F82121784000EB9775 /* LaunchScreen.storyboard in Resources */,
				A17352F52121784000EB9775 /* Assets.xcassets in Resources */,
				A17352F32121775400EB9775 /* Main.storyboard in Resources */,
			);
			runOnlyForDeploymentPostprocessing = 0;
		};
		A17352FC2121784000EB9775 /* Resources */ = {
			isa = PBXResourcesBuildPhase;
			buildActionMask = 2147483647;
			files = (
			);
			runOnlyForDeploymentPostprocessing = 0;
		};
		A17353072121784000EB9775 /* Resources */ = {
			isa = PBXResourcesBuildPhase;
			buildActionMask = 2147483647;
			files = (
			);
			runOnlyForDeploymentPostprocessing = 0;
		};
/* End PBXResourcesBuildPhase section */

/* Begin PBXSourcesBuildPhase section */
		A17352E62121774A00EB9775 /* Sources */ = {
			isa = PBXSourcesBuildPhase;
			buildActionMask = 2147483647;
			files = (
				A17352F02121775200EB9775 /* ViewController.swift in Sources */,
				A17352EE2121774F00EB9775 /* AppDelegate.swift in Sources */,
			);
			runOnlyForDeploymentPostprocessing = 0;
		};
		A17352FA2121784000EB9775 /* Sources */ = {
			isa = PBXSourcesBuildPhase;
			buildActionMask = 2147483647;
			files = (
				A17353032121784000EB9775 /* SegmentedControlTests.swift in Sources */,
			);
			runOnlyForDeploymentPostprocessing = 0;
		};
		A17353052121784000EB9775 /* Sources */ = {
			isa = PBXSourcesBuildPhase;
			buildActionMask = 2147483647;
			files = (
				A173530E2121784000EB9775 /* SegmentedControlUITests.swift in Sources */,
			);
			runOnlyForDeploymentPostprocessing = 0;
		};
/* End PBXSourcesBuildPhase section */

/* Begin PBXTargetDependency section */
		A17353002121784000EB9775 /* PBXTargetDependency */ = {
			isa = PBXTargetDependency;
			target = A17352E92121774A00EB9775 /* SegmentedControl */;
			targetProxy = A17352FF2121784000EB9775 /* PBXContainerItemProxy */;
		};
		A173530B2121784000EB9775 /* PBXTargetDependency */ = {
			isa = PBXTargetDependency;
			target = A17352E92121774A00EB9775 /* SegmentedControl */;
			targetProxy = A173530A2121784000EB9775 /* PBXContainerItemProxy */;
		};
/* End PBXTargetDependency section */

/* Begin PBXVariantGroup section */
		A17352F12121775400EB9775 /* Main.storyboard */ = {
			isa = PBXVariantGroup;
			children = (
				A17352F22121775400EB9775 /* Base */,
			);
			name = Main.storyboard;
			sourceTree = "<group>";
		};
		A17352F62121784000EB9775 /* LaunchScreen.storyboard */ = {
			isa = PBXVariantGroup;
			children = (
				A17352F72121784000EB9775 /* Base */,
			);
			name = LaunchScreen.storyboard;
			sourceTree = "<group>";
		};
/* End PBXVariantGroup section */

/* Begin XCBuildConfiguration section */
		A17353102121784000EB9775 /* Debug */ = {
			isa = XCBuildConfiguration;
			buildSettings = {
				ALWAYS_SEARCH_USER_PATHS = NO;
				CLANG_ANALYZER_NONNULL = YES;
				CLANG_ANALYZER_NUMBER_OBJECT_CONVERSION = YES_AGGRESSIVE;
				CLANG_CXX_LANGUAGE_STANDARD = "gnu++14";
				CLANG_CXX_LIBRARY = "libc++";
				CLANG_ENABLE_MODULES = YES;
				CLANG_ENABLE_OBJC_ARC = YES;
				CLANG_ENABLE_OBJC_WEAK = YES;
				CLANG_WARN_BLOCK_CAPTURE_AUTORELEASING = YES;
				CLANG_WARN_BOOL_CONVERSION = YES;
				CLANG_WARN_COMMA = YES;
				CLANG_WARN_CONSTANT_CONVERSION = YES;
				CLANG_WARN_DEPRECATED_OBJC_IMPLEMENTATIONS = YES;
				CLANG_WARN_DIRECT_OBJC_ISA_USAGE = YES_ERROR;
				CLANG_WARN_DOCUMENTATION_COMMENTS = YES;
				CLANG_WARN_EMPTY_BODY = YES;
				CLANG_WARN_ENUM_CONVERSION = YES;
				CLANG_WARN_INFINITE_RECURSION = YES;
				CLANG_WARN_INT_CONVERSION = YES;
				CLANG_WARN_NON_LITERAL_NULL_CONVERSION = YES;
				CLANG_WARN_OBJC_IMPLICIT_RETAIN_SELF = YES;
				CLANG_WARN_OBJC_LITERAL_CONVERSION = YES;
				CLANG_WARN_OBJC_ROOT_CLASS = YES_ERROR;
				CLANG_WARN_RANGE_LOOP_ANALYSIS = YES;
				CLANG_WARN_STRICT_PROTOTYPES = YES;
				CLANG_WARN_SUSPICIOUS_MOVE = YES;
				CLANG_WARN_UNGUARDED_AVAILABILITY = YES_AGGRESSIVE;
				CLANG_WARN_UNREACHABLE_CODE = YES;
				CLANG_WARN__DUPLICATE_METHOD_MATCH = YES;
				CODE_SIGN_IDENTITY = "iPhone Developer";
				COPY_PHASE_STRIP = NO;
				DEBUG_INFORMATION_FORMAT = dwarf;
				ENABLE_STRICT_OBJC_MSGSEND = YES;
				ENABLE_TESTABILITY = YES;
				GCC_C_LANGUAGE_STANDARD = gnu11;
				GCC_DYNAMIC_NO_PIC = NO;
				GCC_NO_COMMON_BLOCKS = YES;
				GCC_OPTIMIZATION_LEVEL = 0;
				GCC_PREPROCESSOR_DEFINITIONS = (
					"DEBUG=1",
					"$(inherited)",
				);
				GCC_WARN_64_TO_32_BIT_CONVERSION = YES;
				GCC_WARN_ABOUT_RETURN_TYPE = YES_ERROR;
				GCC_WARN_UNDECLARED_SELECTOR = YES;
				GCC_WARN_UNINITIALIZED_AUTOS = YES_AGGRESSIVE;
				GCC_WARN_UNUSED_FUNCTION = YES;
				GCC_WARN_UNUSED_VARIABLE = YES;
				IPHONEOS_DEPLOYMENT_TARGET = 11.4;
				MTL_ENABLE_DEBUG_INFO = YES;
				ONLY_ACTIVE_ARCH = YES;
				SDKROOT = iphoneos;
				SWIFT_ACTIVE_COMPILATION_CONDITIONS = DEBUG;
				SWIFT_OPTIMIZATION_LEVEL = "-Onone";
			};
			name = Debug;
		};
		A17353112121784000EB9775 /* Release */ = {
			isa = XCBuildConfiguration;
			buildSettings = {
				ALWAYS_SEARCH_USER_PATHS = NO;
				CLANG_ANALYZER_NONNULL = YES;
				CLANG_ANALYZER_NUMBER_OBJECT_CONVERSION = YES_AGGRESSIVE;
				CLANG_CXX_LANGUAGE_STANDARD = "gnu++14";
				CLANG_CXX_LIBRARY = "libc++";
				CLANG_ENABLE_MODULES = YES;
				CLANG_ENABLE_OBJC_ARC = YES;
				CLANG_ENABLE_OBJC_WEAK = YES;
				CLANG_WARN_BLOCK_CAPTURE_AUTORELEASING = YES;
				CLANG_WARN_BOOL_CONVERSION = YES;
				CLANG_WARN_COMMA = YES;
				CLANG_WARN_CONSTANT_CONVERSION = YES;
				CLANG_WARN_DEPRECATED_OBJC_IMPLEMENTATIONS = YES;
				CLANG_WARN_DIRECT_OBJC_ISA_USAGE = YES_ERROR;
				CLANG_WARN_DOCUMENTATION_COMMENTS = YES;
				CLANG_WARN_EMPTY_BODY = YES;
				CLANG_WARN_ENUM_CONVERSION = YES;
				CLANG_WARN_INFINITE_RECURSION = YES;
				CLANG_WARN_INT_CONVERSION = YES;
				CLANG_WARN_NON_LITERAL_NULL_CONVERSION = YES;
				CLANG_WARN_OBJC_IMPLICIT_RETAIN_SELF = YES;
				CLANG_WARN_OBJC_LITERAL_CONVERSION = YES;
				CLANG_WARN_OBJC_ROOT_CLASS = YES_ERROR;
				CLANG_WARN_RANGE_LOOP_ANALYSIS = YES;
				CLANG_WARN_STRICT_PROTOTYPES = YES;
				CLANG_WARN_SUSPICIOUS_MOVE = YES;
				CLANG_WARN_UNGUARDED_AVAILABILITY = YES_AGGRESSIVE;
				CLANG_WARN_UNREACHABLE_CODE = YES;
				CLANG_WARN__DUPLICATE_METHOD_MATCH = YES;
				CODE_SIGN_IDENTITY = "iPhone Developer";
				COPY_PHASE_STRIP = NO;
				DEBUG_INFORMATION_FORMAT = "dwarf-with-dsym";
				ENABLE_NS_ASSERTIONS = NO;
				ENABLE_STRICT_OBJC_MSGSEND = YES;
				GCC_C_LANGUAGE_STANDARD = gnu11;
				GCC_NO_COMMON_BLOCKS = YES;
				GCC_WARN_64_TO_32_BIT_CONVERSION = YES;
				GCC_WARN_ABOUT_RETURN_TYPE = YES_ERROR;
				GCC_WARN_UNDECLARED_SELECTOR = YES;
				GCC_WARN_UNINITIALIZED_AUTOS = YES_AGGRESSIVE;
				GCC_WARN_UNUSED_FUNCTION = YES;
				GCC_WARN_UNUSED_VARIABLE = YES;
				IPHONEOS_DEPLOYMENT_TARGET = 11.4;
				MTL_ENABLE_DEBUG_INFO = NO;
				SDKROOT = iphoneos;
				SWIFT_COMPILATION_MODE = wholemodule;
				SWIFT_OPTIMIZATION_LEVEL = "-O";
				VALIDATE_PRODUCT = YES;
			};
			name = Release;
		};
		A17353132121784000EB9775 /* Debug */ = {
			isa = XCBuildConfiguration;
			buildSettings = {
				ASSETCATALOG_COMPILER_APPICON_NAME = AppIcon;
				CODE_SIGN_STYLE = Automatic;
				INFOPLIST_FILE = SegmentedControl/Info.plist;
				LD_RUNPATH_SEARCH_PATHS = (
					"$(inherited)",
					"@executable_path/Frameworks",
				);
				PRODUCT_BUNDLE_IDENTIFIER = Tribhi.SegmentedControl;
				PRODUCT_NAME = "$(TARGET_NAME)";
				SWIFT_VERSION = 4.0;
				TARGETED_DEVICE_FAMILY = "1,2";
			};
			name = Debug;
		};
		A17353142121784000EB9775 /* Release */ = {
			isa = XCBuildConfiguration;
			buildSettings = {
				ASSETCATALOG_COMPILER_APPICON_NAME = AppIcon;
				CODE_SIGN_STYLE = Automatic;
				INFOPLIST_FILE = SegmentedControl/Info.plist;
				LD_RUNPATH_SEARCH_PATHS = (
					"$(inherited)",
					"@executable_path/Frameworks",
				);
				PRODUCT_BUNDLE_IDENTIFIER = Tribhi.SegmentedControl;
				PRODUCT_NAME = "$(TARGET_NAME)";
				SWIFT_VERSION = 4.0;
				TARGETED_DEVICE_FAMILY = "1,2";
			};
			name = Release;
		};
		A17353162121784000EB9775 /* Debug */ = {
			isa = XCBuildConfiguration;
			buildSettings = {
				ALWAYS_EMBED_SWIFT_STANDARD_LIBRARIES = YES;
				BUNDLE_LOADER = "$(TEST_HOST)";
				CODE_SIGN_STYLE = Automatic;
				INFOPLIST_FILE = SegmentedControlTests/Info.plist;
				LD_RUNPATH_SEARCH_PATHS = (
					"$(inherited)",
					"@executable_path/Frameworks",
					"@loader_path/Frameworks",
				);
				PRODUCT_BUNDLE_IDENTIFIER = Tribhi.SegmentedControlTests;
				PRODUCT_NAME = "$(TARGET_NAME)";
				SWIFT_VERSION = 4.0;
				TARGETED_DEVICE_FAMILY = "1,2";
				TEST_HOST = "$(BUILT_PRODUCTS_DIR)/SegmentedControl.app/SegmentedControl";
			};
			name = Debug;
		};
		A17353172121784000EB9775 /* Release */ = {
			isa = XCBuildConfiguration;
			buildSettings = {
				ALWAYS_EMBED_SWIFT_STANDARD_LIBRARIES = YES;
				BUNDLE_LOADER = "$(TEST_HOST)";
				CODE_SIGN_STYLE = Automatic;
				INFOPLIST_FILE = SegmentedControlTests/Info.plist;
				LD_RUNPATH_SEARCH_PATHS = (
					"$(inherited)",
					"@executable_path/Frameworks",
					"@loader_path/Frameworks",
				);
				PRODUCT_BUNDLE_IDENTIFIER = Tribhi.SegmentedControlTests;
				PRODUCT_NAME = "$(TARGET_NAME)";
				SWIFT_VERSION = 4.0;
				TARGETED_DEVICE_FAMILY = "1,2";
				TEST_HOST = "$(BUILT_PRODUCTS_DIR)/SegmentedControl.app/SegmentedControl";
			};
			name = Release;
		};
		A17353192121784000EB9775 /* Debug */ = {
			isa = XCBuildConfiguration;
			buildSettings = {
				ALWAYS_EMBED_SWIFT_STANDARD_LIBRARIES = YES;
				CODE_SIGN_STYLE = Automatic;
				INFOPLIST_FILE = SegmentedControlUITests/Info.plist;
				LD_RUNPATH_SEARCH_PATHS = (
					"$(inherited)",
					"@executable_path/Frameworks",
					"@loader_path/Frameworks",
				);
				PRODUCT_BUNDLE_IDENTIFIER = Tribhi.SegmentedControlUITests;
				PRODUCT_NAME = "$(TARGET_NAME)";
				SWIFT_VERSION = 4.0;
				TARGETED_DEVICE_FAMILY = "1,2";
				TEST_TARGET_NAME = SegmentedControl;
			};
			name = Debug;
		};
		A173531A2121784000EB9775 /* Release */ = {
			isa = XCBuildConfiguration;
			buildSettings = {
				ALWAYS_EMBED_SWIFT_STANDARD_LIBRARIES = YES;
				CODE_SIGN_STYLE = Automatic;
				INFOPLIST_FILE = SegmentedControlUITests/Info.plist;
				LD_RUNPATH_SEARCH_PATHS = (
					"$(inherited)",
					"@executable_path/Frameworks",
					"@loader_path/Frameworks",
				);
				PRODUCT_BUNDLE_IDENTIFIER = Tribhi.SegmentedControlUITests;
				PRODUCT_NAME = "$(TARGET_NAME)";
				SWIFT_VERSION = 4.0;
				TARGETED_DEVICE_FAMILY = "1,2";
				TEST_TARGET_NAME = SegmentedControl;
			};
			name = Release;
		};
/* End XCBuildConfiguration section */

/* Begin XCConfigurationList section */
		A17352E52121774600EB9775 /* Build configuration list for PBXProject "SegmentedControl" */ = {
			isa = XCConfigurationList;
			buildConfigurations = (
				A17353102121784000EB9775 /* Debug */,
				A17353112121784000EB9775 /* Release */,
			);
			defaultConfigurationIsVisible = 0;
			defaultConfigurationName = Release;
		};
		A17353122121784000EB9775 /* Build configuration list for PBXNativeTarget "SegmentedControl" */ = {
			isa = XCConfigurationList;
			buildConfigurations = (
				A17353132121784000EB9775 /* Debug */,
				A17353142121784000EB9775 /* Release */,
			);
			defaultConfigurationIsVisible = 0;
			defaultConfigurationName = Release;
		};
		A17353152121784000EB9775 /* Build configuration list for PBXNativeTarget "SegmentedControlTests" */ = {
			isa = XCConfigurationList;
			buildConfigurations = (
				A17353162121784000EB9775 /* Debug */,
				A17353172121784000EB9775 /* Release */,
			);
			defaultConfigurationIsVisible = 0;
			defaultConfigurationName = Release;
		};
		A17353182121784000EB9775 /* Build configuration list for PBXNativeTarget "SegmentedControlUITests" */ = {
			isa = XCConfigurationList;
			buildConfigurations = (
				A17353192121784000EB9775 /* Debug */,
				A173531A2121784000EB9775 /* Release */,
			);
			defaultConfigurationIsVisible = 0;
			defaultConfigurationName = Release;
		};
/* End XCConfigurationList section */
	};
	rootObject = A17352E22121774600EB9775 /* Project object */;
}
